
Microsoft Visual Studio Solution File, Format Version 12.00
# Visual Studio Version 18
VisualStudioVersion = 18.5.11801.241 oobstable
MinimumVisualStudioVersion = 10.0.40219.1
Project("{FAE04EC0-301F-11D3-BF4B-00C04F79EFBC}") = "P4_Backend_Car_App", "P4_Backend_Car_App.csproj", "{1CD2D622-FEEE-5DC7-402A-13C95C7228DD}"
EndProject
Global
	GlobalSection(SolutionConfigurationPlatforms) = preSolution
		Debug|Any CPU = Debug|Any CPU
		Release|Any CPU = Release|Any CPU
	EndGlobalSection
	GlobalSection(ProjectConfigurationPlatforms) = postSolution
		{1CD2D622-FEEE-5DC7-402A-13C95C7228DD}.Debug|Any CPU.ActiveCfg = Debug|Any CPU
		{1CD2D622-FEEE-5DC7-402A-13C95C7228DD}.Debug|Any CPU.Build.0 = Debug|Any CPU
		{1CD2D622-FEEE-5DC7-402A-13C95C7228DD}.Release|Any CPU.ActiveCfg = Release|Any CPU
		{1CD2D622-FEEE-5DC7-402A-13C95C7228DD}.Release|Any CPU.Build.0 = Release|Any CPU
	EndGlobalSection
	GlobalSection(SolutionProperties) = preSolution
		HideSolutionNode = FALSE
	EndGlobalSection
	GlobalSection(ExtensibilityGlobals) = postSolution
		SolutionGuid = {61D732AD-18D3-4280-BF98-1498262684C4}
	EndGlobalSection
EndGlobal
